
Microsoft Visual Studio Solution File, Format Version 12.00
# Visual Studio Version 16
VisualStudioVersion = 16.0.29409.12
MinimumVisualStudioVersion = 10.0.40219.1
Project("{FAE04EC0-301F-11D3-BF4B-00C04F79EFBC}") = "bookdatabase", "bookdatabase.csproj", "{554F64E6-E693-4B16-A04B-C270504E603E}"
EndProject
Global
	GlobalSection(SolutionConfigurationPlatforms) = preSolution
		Debug|Any CPU = Debug|Any CPU
		Release|Any CPU = Release|Any CPU
	EndGlobalSection
	GlobalSection(ProjectConfigurationPlatforms) = postSolution
		{554F64E6-E693-4B16-A04B-C270504E603E}.Debug|Any CPU.ActiveCfg = Debug|Any CPU
		{554F64E6-E693-4B16-A04B-C270504E603E}.Debug|Any CPU.Build.0 = Debug|Any CPU
		{554F64E6-E693-4B16-A04B-C270504E603E}.Release|Any CPU.ActiveCfg = Release|Any CPU
		{554F64E6-E693-4B16-A04B-C270504E603E}.Release|Any CPU.Build.0 = Release|Any CPU
	EndGlobalSection
	GlobalSection(SolutionProperties) = preSolution
		HideSolutionNode = FALSE
	EndGlobalSection
	GlobalSection(ExtensibilityGlobals) = postSolution
		SolutionGuid = {15ED1D92-5D97-4D13-BD3E-29AD3F742A59}
	EndGlobalSection
EndGlobal
