
Microsoft Visual Studio Solution File, Format Version 12.00
# Visual Studio Version 16
VisualStudioVersion = 16.0.29409.12
MinimumVisualStudioVersion = 10.0.40219.1
Project("{FAE04EC0-301F-11D3-BF4B-00C04F79EFBC}") = "superheros", "superheros.csproj", "{D470E8DC-EAAA-420C-8C90-C2E776CBF068}"
EndProject
Global
	GlobalSection(SolutionConfigurationPlatforms) = preSolution
		Debug|Any CPU = Debug|Any CPU
		Release|Any CPU = Release|Any CPU
	EndGlobalSection
	GlobalSection(ProjectConfigurationPlatforms) = postSolution
		{D470E8DC-EAAA-420C-8C90-C2E776CBF068}.Debug|Any CPU.ActiveCfg = Debug|Any CPU
		{D470E8DC-EAAA-420C-8C90-C2E776CBF068}.Debug|Any CPU.Build.0 = Debug|Any CPU
		{D470E8DC-EAAA-420C-8C90-C2E776CBF068}.Release|Any CPU.ActiveCfg = Release|Any CPU
		{D470E8DC-EAAA-420C-8C90-C2E776CBF068}.Release|Any CPU.Build.0 = Release|Any CPU
	EndGlobalSection
	GlobalSection(SolutionProperties) = preSolution
		HideSolutionNode = FALSE
	EndGlobalSection
	GlobalSection(ExtensibilityGlobals) = postSolution
		SolutionGuid = {5DFBDF3C-4A42-4685-A83D-EC6A778B572B}
	EndGlobalSection
EndGlobal
